version: 6
environments:
  default:
    channels:
    - url: https://conda.modular.com/max-nightly/
    - url: https://conda.anaconda.org/conda-forge/
    packages:
      linux-64:
      - conda: https://conda.anaconda.org/conda-forge/linux-64/_libgcc_mutex-0.1-conda_forge.tar.bz2
      - conda: https://conda.anaconda.org/conda-forge/linux-64/_openmp_mutex-4.5-2_gnu.tar.bz2
      - conda: https://conda.anaconda.org/conda-forge/linux-64/binutils_impl_linux-64-2.45-default_hfdba357_104.conda
      - conda: https://conda.anaconda.org/conda-forge/noarch/ca-certificates-2025.11.12-hbd8a1cb_0.conda
      - conda: https://conda.anaconda.org/conda-forge/linux-64/clang-21-21.1.7-default_h99862b1_0.conda
      - conda: https://conda.anaconda.org/conda-forge/linux-64/clang-21.1.7-default_h36abe19_0.conda
      - conda: https://conda.anaconda.org/conda-forge/linux-64/clang-format-21-21.1.7-default_h99862b1_0.conda
      - conda: https://conda.anaconda.org/conda-forge/linux-64/clang-format-21.1.7-default_h99862b1_0.conda
      - conda: https://conda.anaconda.org/conda-forge/linux-64/clang-tools-21.1.7-default_h99862b1_0.conda
      - conda: https://conda.anaconda.org/conda-forge/linux-64/compiler-rt21-21.1.7-hb700be7_0.conda
      - conda: https://conda.anaconda.org/conda-forge/noarch/compiler-rt21_linux-64-21.1.7-hffcefe0_0.conda
      - conda: https://conda.anaconda.org/conda-forge/linux-64/gcc_impl_linux-64-15.2.0-h29f0c8e_14.conda
      - conda: https://conda.anaconda.org/conda-forge/noarch/kernel-headers_linux-64-4.18.0-he073ed8_8.conda
      - conda: https://conda.anaconda.org/conda-forge/linux-64/ld_impl_linux-64-2.45-default_hbd61a6d_104.conda
      - conda: https://conda.anaconda.org/conda-forge/linux-64/libclang-cpp21.1-21.1.7-default_h99862b1_0.conda
      - conda: https://conda.anaconda.org/conda-forge/linux-64/libclang13-21.1.7-default_h746c552_0.conda
      - conda: https://conda.anaconda.org/conda-forge/linux-64/libgcc-15.2.0-he0feb66_14.conda
      - conda: https://conda.anaconda.org/conda-forge/noarch/libgcc-devel_linux-64-15.2.0-hcc6f6b0_114.conda
      - conda: https://conda.anaconda.org/conda-forge/linux-64/libgomp-15.2.0-he0feb66_14.conda
      - conda: https://conda.anaconda.org/conda-forge/linux-64/libiconv-1.18-h3b78370_2.conda
      - conda: https://conda.anaconda.org/conda-forge/linux-64/libllvm21-21.1.7-hf7376ad_0.conda
      - conda: https://conda.anaconda.org/conda-forge/linux-64/liblzma-5.8.1-hb9d3cd8_2.conda
      - conda: https://conda.anaconda.org/conda-forge/linux-64/libsanitizer-15.2.0-h90f66d4_14.conda
      - conda: https://conda.anaconda.org/conda-forge/linux-64/libstdcxx-15.2.0-h934c35e_14.conda
      - conda: https://conda.anaconda.org/conda-forge/noarch/libstdcxx-devel_linux-64-15.2.0-hd446a21_114.conda
      - conda: https://conda.anaconda.org/conda-forge/linux-64/libxml2-16-2.15.1-hf2a90c1_0.conda
      - conda: https://conda.anaconda.org/conda-forge/linux-64/libxml2-2.15.1-h031cc0b_0.conda
      - conda: https://conda.anaconda.org/conda-forge/linux-64/libzlib-1.3.1-hb9d3cd8_2.conda
      - conda: https://conda.anaconda.org/conda-forge/linux-64/llvm-openmp-21.1.7-h4922eb0_0.conda
      - conda: https://conda.anaconda.org/conda-forge/linux-64/openssl-3.6.0-h26f9b46_0.conda
      - conda: https://conda.anaconda.org/conda-forge/linux-64/rust-1.91.1-h53717f1_0.conda
      - conda: https://conda.anaconda.org/conda-forge/noarch/rust-src-1.91.1-unix_0.conda
      - conda: https://conda.anaconda.org/conda-forge/noarch/rust-std-x86_64-unknown-linux-gnu-1.91.1-h2c6d0dc_0.conda
      - conda: https://conda.anaconda.org/conda-forge/noarch/sysroot_linux-64-2.28-h4ee821c_8.conda
      - conda: https://conda.anaconda.org/conda-forge/noarch/tzdata-2025b-h78e105d_0.conda
      - conda: https://conda.anaconda.org/conda-forge/linux-64/zstd-1.5.7-hb78ec9c_6.conda
packages:
- conda: https://conda.anaconda.org/conda-forge/linux-64/_libgcc_mutex-0.1-conda_forge.tar.bz2
  sha256: fe51de6107f9edc7aa4f786a70f4a883943bc9d39b3bb7307c04c41410990726
  md5: d7c89558ba9fa0495403155b64376d81
  license: None
  size: 2562
  timestamp: 1578324546067
- conda: https://conda.anaconda.org/conda-forge/linux-64/_openmp_mutex-4.5-2_gnu.tar.bz2
  build_number: 16
  sha256: fbe2c5e56a653bebb982eda4876a9178aedfc2b545f25d0ce9c4c0b508253d22
  md5: 73aaf86a425cc6e73fcf236a5a46396d
  depends:
  - _libgcc_mutex 0.1 conda_forge
  - libgomp >=7.5.0
  constrains:
  - openmp_impl 9999
  license: BSD-3-Clause
  license_family: BSD
  size: 23621
  timestamp: 1650670423406
- conda: https://conda.anaconda.org/conda-forge/linux-64/binutils_impl_linux-64-2.45-default_hfdba357_104.conda
  sha256: 054a77ccab631071a803737ea8e5d04b5b18e57db5b0826a04495bd3fdf39a7c
  md5: a7a67bf132a4a2dea92a7cb498cdc5b1
  depends:
  - ld_impl_linux-64 2.45 default_hbd61a6d_104
  - sysroot_linux-64
  - zstd >=1.5.7,<1.6.0a0
  license: GPL-3.0-only
  license_family: GPL
  size: 3747046
  timestamp: 1764007847963
- conda: https://conda.anaconda.org/conda-forge/noarch/ca-certificates-2025.11.12-hbd8a1cb_0.conda
  sha256: b986ba796d42c9d3265602bc038f6f5264095702dd546c14bc684e60c385e773
  md5: f0991f0f84902f6b6009b4d2350a83aa
  depends:
  - __unix
  license: ISC
  size: 152432
  timestamp: 1762967197890
- conda: https://conda.anaconda.org/conda-forge/linux-64/clang-21.1.7-default_h36abe19_0.conda
  sha256: 93ac475a66f1f583c966516bac21b42a9354bdbf83ad4414a633d8ea8962f86d
  md5: 78b073865ce71810e60af717a471854e
  depends:
  - binutils_impl_linux-64
  - clang-21 21.1.7 default_h99862b1_0
  - libgcc-devel_linux-64
  - llvm-openmp >=21.1.7
  - sysroot_linux-64
  license: Apache-2.0 WITH LLVM-exception
  license_family: Apache
  size: 26831
  timestamp: 1764757992735
- conda: https://conda.anaconda.org/conda-forge/linux-64/clang-21-21.1.7-default_h99862b1_0.conda
  sha256: 8f87b14f7566ebf6a9bbb37e9b589f5daef82d6c2cc0b598e40d87169f492f4c
  md5: a89cba834007a98dc1a95bde842c983d
  depends:
  - __glibc >=2.17,<3.0.a0
  - compiler-rt21 21.1.7.*
  - libclang-cpp21.1 21.1.7 default_h99862b1_0
  - libgcc >=14
  - libllvm21 >=21.1.7,<21.2.0a0
  - libstdcxx >=14
  license: Apache-2.0 WITH LLVM-exception
  license_family: Apache
  size: 831939
  timestamp: 1764757923576
- conda: https://conda.anaconda.org/conda-forge/linux-64/clang-format-21.1.7-default_h99862b1_0.conda
  sha256: 674fef7ef2d5430c6f32ca790828cacd105fc7fcc106b5882ea4c20569c7124f
  md5: aad7d85e829642e57a83cbd116522d68
  depends:
  - __glibc >=2.17,<3.0.a0
  - clang-format-21 21.1.7 default_h99862b1_0
  - libclang-cpp21.1 >=21.1.7,<21.2.0a0
  - libgcc >=14
  - libllvm21 >=21.1.7,<21.2.0a0
  - libstdcxx >=14
  license: Apache-2.0 WITH LLVM-exception
  license_family: Apache
  size: 27247
  timestamp: 1764758250390
- conda: https://conda.anaconda.org/conda-forge/linux-64/clang-format-21-21.1.7-default_h99862b1_0.conda
  sha256: 6e95dde5cec1e076b82dc7f2091b39acd59533bae019d28ad58a07dbfe49a69e
  md5: 7874a42e8927039d7199a5f0c43700b2
  depends:
  - __glibc >=2.17,<3.0.a0
  - libclang-cpp21.1 >=21.1.7,<21.2.0a0
  - libgcc >=14
  - libllvm21 >=21.1.7,<21.2.0a0
  - libstdcxx >=14
  license: Apache-2.0 WITH LLVM-exception
  license_family: Apache
  size: 70056
  timestamp: 1764758186146
- conda: https://conda.anaconda.org/conda-forge/linux-64/clang-tools-21.1.7-default_h99862b1_0.conda
  sha256: 8d133724f42fa2dbc983b689fc02a4b20ac143c282224208e3de24db6cc68e3b
  md5: d2024aa199a139b6305015e291df0a76
  depends:
  - __glibc >=2.17,<3.0.a0
  - clang-format 21.1.7 default_h99862b1_0
  - libclang-cpp21.1 >=21.1.7,<21.2.0a0
  - libclang13 >=21.1.7
  - libgcc >=14
  - libllvm21 >=21.1.7,<21.2.0a0
  - libstdcxx >=14
  - libxml2
  - libxml2-16 >=2.14.6
  constrains:
  - clangdev 21.1.7
  license: Apache-2.0 WITH LLVM-exception
  license_family: Apache
  size: 21979058
  timestamp: 1764758301250
- conda: https://conda.anaconda.org/conda-forge/linux-64/compiler-rt21-21.1.7-hb700be7_0.conda
  sha256: 40d94a16674b7ff35d765fa4d2572c5061d6d26c87fe0636efa4a4e219819745
  md5: 1feb50fc3c348b9c2b1228c9e8591ab9
  depends:
  - __glibc >=2.17,<3.0.a0
  - compiler-rt21_linux-64 21.1.7.*
  - libgcc >=14
  - libstdcxx >=14
  license: Apache-2.0 WITH LLVM-exception
  size: 114042
  timestamp: 1764722702812
- conda: https://conda.anaconda.org/conda-forge/noarch/compiler-rt21_linux-64-21.1.7-hffcefe0_0.conda
  sha256: 055db902df4715261b123568f09af4311060f3810f340969064e0718e02d4966
  md5: 9b1c4f25cd8a99131fb19acd3b29e4f5
  constrains:
  - compiler-rt >=9.0.1
  license: Apache-2.0 WITH LLVM-exception
  size: 47702465
  timestamp: 1764722602
- conda: https://conda.anaconda.org/conda-forge/linux-64/gcc_impl_linux-64-15.2.0-h29f0c8e_14.conda
  sha256: 3418870f00e7720464919d27a76b256c9d1bd6b3a2413397e1672b2f294d14d4
  md5: 803ae49e34cc561a0292bacbadf2ce22
  depends:
  - binutils_impl_linux-64 >=2.45
  - libgcc >=15.2.0
  - libgcc-devel_linux-64 15.2.0 hcc6f6b0_114
  - libgomp >=15.2.0
  - libsanitizer 15.2.0 h90f66d4_14
  - libstdcxx >=15.2.0
  - libstdcxx-devel_linux-64 15.2.0 hd446a21_114
  - sysroot_linux-64
  license: GPL-3.0-only WITH GCC-exception-3.1
  license_family: GPL
  size: 79963563
  timestamp: 1764277244608
- conda: https://conda.anaconda.org/conda-forge/noarch/kernel-headers_linux-64-4.18.0-he073ed8_8.conda
  sha256: 305c22a251db227679343fd73bfde121e555d466af86e537847f4c8b9436be0d
  md5: ff007ab0f0fdc53d245972bba8a6d40c
  constrains:
  - sysroot_linux-64 ==2.28
  license: LGPL-2.0-or-later AND LGPL-2.0-or-later WITH exceptions AND GPL-2.0-or-later
  license_family: GPL
  size: 1272697
  timestamp: 1752669126073
- conda: https://conda.anaconda.org/conda-forge/linux-64/ld_impl_linux-64-2.45-default_hbd61a6d_104.conda
  sha256: 9e191baf2426a19507f1d0a17be0fdb7aa155cdf0f61d5a09c808e0a69464312
  md5: a6abd2796fc332536735f68ba23f7901
  depends:
  - __glibc >=2.17,<3.0.a0
  - zstd >=1.5.7,<1.6.0a0
  constrains:
  - binutils_impl_linux-64 2.45
  license: GPL-3.0-only
  license_family: GPL
  size: 725545
  timestamp: 1764007826689
- conda: https://conda.anaconda.org/conda-forge/linux-64/libclang-cpp21.1-21.1.7-default_h99862b1_0.conda
  sha256: 8408e8b7dc4ac90bc011f76732277e6567645258c201a67803afd4804e9b5cd5
  md5: e0015b7d1873038a184e073c0d87bdd5
  depends:
  - __glibc >=2.17,<3.0.a0
  - libgcc >=14
  - libllvm21 >=21.1.7,<21.2.0a0
  - libstdcxx >=14
  license: Apache-2.0 WITH LLVM-exception
  license_family: Apache
  size: 21068618
  timestamp: 1764757807779
- conda: https://conda.anaconda.org/conda-forge/linux-64/libclang13-21.1.7-default_h746c552_0.conda
  sha256: 4e11c507df5ec97f3ae30e0ce760d8a2b74d69a38e4a98e71541f48219fe8967
  md5: b0ea50ed7250b8b2d1a4b8f60fa197f6
  depends:
  - __glibc >=2.17,<3.0.a0
  - libgcc >=14
  - libllvm21 >=21.1.7,<21.2.0a0
  - libstdcxx >=14
  license: Apache-2.0 WITH LLVM-exception
  license_family: Apache
  size: 12346460
  timestamp: 1764758060679
- conda: https://conda.anaconda.org/conda-forge/linux-64/libgcc-15.2.0-he0feb66_14.conda
  sha256: 947bfbe5e47cd5d0cbdb0926d4baadb3e9be25caca7c6c6ef516f7ef85052cec
  md5: 550dceb769d23bcf0e2f97fd4062d720
  depends:
  - __glibc >=2.17,<3.0.a0
  - _openmp_mutex >=4.5
  constrains:
  - libgomp 15.2.0 he0feb66_14
  - libgcc-ng ==15.2.0=*_14
  license: GPL-3.0-only WITH GCC-exception-3.1
  license_family: GPL
  size: 1041047
  timestamp: 1764277103389
- conda: https://conda.anaconda.org/conda-forge/noarch/libgcc-devel_linux-64-15.2.0-hcc6f6b0_114.conda
  sha256: e07e33b3ab1369f3987c85b5ff41433f3d8a0ab0045f4057871c7b981e47be1c
  md5: d5dc1bdc74e3cdf301260cb564bf585a
  depends:
  - __unix
  license: GPL-3.0-only WITH GCC-exception-3.1
  license_family: GPL
  size: 3094367
  timestamp: 1764277003599
- conda: https://conda.anaconda.org/conda-forge/linux-64/libgomp-15.2.0-he0feb66_14.conda
  sha256: 2017cbc0f0f3b1d15df9ca681960eef015f9f58ba0d6e841694277a9f7eae0fc
  md5: 91349c276f84f590487e4c7f6e90e077
  depends:
  - __glibc >=2.17,<3.0.a0
  license: GPL-3.0-only WITH GCC-exception-3.1
  license_family: GPL
  size: 604220
  timestamp: 1764277020855
- conda: https://conda.anaconda.org/conda-forge/linux-64/libiconv-1.18-h3b78370_2.conda
  sha256: c467851a7312765447155e071752d7bf9bf44d610a5687e32706f480aad2833f
  md5: 915f5995e94f60e9a4826e0b0920ee88
  depends:
  - __glibc >=2.17,<3.0.a0
  - libgcc >=14
  license: LGPL-2.1-only
  size: 790176
  timestamp: 1754908768807
- conda: https://conda.anaconda.org/conda-forge/linux-64/libllvm21-21.1.7-hf7376ad_0.conda
  sha256: afe5c5cfc90dc8b5b394e21cf02188394e36766119ad5d78a1d8619d011bbfb1
  md5: 27dc1a582b442f24979f2a28641fe478
  depends:
  - __glibc >=2.17,<3.0.a0
  - libgcc >=14
  - libstdcxx >=14
  - libxml2
  - libxml2-16 >=2.14.6
  - libzlib >=1.3.1,<2.0a0
  - zstd >=1.5.7,<1.6.0a0
  license: Apache-2.0 WITH LLVM-exception
  license_family: Apache
  size: 44320825
  timestamp: 1764711528746
- conda: https://conda.anaconda.org/conda-forge/linux-64/liblzma-5.8.1-hb9d3cd8_2.conda
  sha256: f2591c0069447bbe28d4d696b7fcb0c5bd0b4ac582769b89addbcf26fb3430d8
  md5: 1a580f7796c7bf6393fddb8bbbde58dc
  depends:
  - __glibc >=2.17,<3.0.a0
  - libgcc >=13
  constrains:
  - xz 5.8.1.*
  license: 0BSD
  size: 112894
  timestamp: 1749230047870
- conda: https://conda.anaconda.org/conda-forge/linux-64/libsanitizer-15.2.0-h90f66d4_14.conda
  sha256: 76753e41e6f089469a9974dd04a5a6ec42966d74ae29d3ff38cdc27c285c7e3a
  md5: 95b097b1acee7350631ae9b5c49e7a28
  depends:
  - __glibc >=2.17,<3.0.a0
  - libgcc >=15.2.0
  - libstdcxx >=15.2.0
  license: GPL-3.0-only WITH GCC-exception-3.1
  license_family: GPL
  size: 8011881
  timestamp: 1764277170400
- conda: https://conda.anaconda.org/conda-forge/linux-64/libstdcxx-15.2.0-h934c35e_14.conda
  sha256: bbeb7cf8b7eff000b2cb5ffb9a40d98fbb8f39c94768afaec38408c3097cde0d
  md5: 8e96fe9b17d5871b5cf9d312cab832f6
  depends:
  - __glibc >=2.17,<3.0.a0
  - libgcc 15.2.0 he0feb66_14
  constrains:
  - libstdcxx-ng ==15.2.0=*_14
  license: GPL-3.0-only WITH GCC-exception-3.1
  license_family: GPL
  size: 5856715
  timestamp: 1764277148231
- conda: https://conda.anaconda.org/conda-forge/noarch/libstdcxx-devel_linux-64-15.2.0-hd446a21_114.conda
  sha256: 34cfee19b24fa4d4c4ff6ff4a24e92c916a80cc55d9f2da7658a061f6a098651
  md5: 1f2f93816ac327579fb6cb777e0221d1
  depends:
  - __unix
  license: GPL-3.0-only WITH GCC-exception-3.1
  license_family: GPL
  size: 19804708
  timestamp: 1764277040894
- conda: https://conda.anaconda.org/conda-forge/linux-64/libxml2-2.15.1-h031cc0b_0.conda
  sha256: ee64e507b37b073e0bdad739e35330933dd5be7c639600a096551a6968f1035d
  md5: a67cd8f7b0369bbf2c40411f05a62f3b
  depends:
  - __glibc >=2.17,<3.0.a0
  - libgcc >=14
  - libiconv >=1.18,<2.0a0
  - liblzma >=5.8.1,<6.0a0
  - libxml2-16 2.15.1 hf2a90c1_0
  - libzlib >=1.3.1,<2.0a0
  constrains:
  - icu <0.0a0
  license: MIT
  license_family: MIT
  size: 45292
  timestamp: 1761015784683
- conda: https://conda.anaconda.org/conda-forge/linux-64/libxml2-16-2.15.1-hf2a90c1_0.conda
  sha256: f5220ff49efc31431279859049199b9250e79f98c1dee1da12feb74bda2d9cf1
  md5: 23720d17346b21efb08d68c2255c8431
  depends:
  - __glibc >=2.17,<3.0.a0
  - libgcc >=14
  - libiconv >=1.18,<2.0a0
  - liblzma >=5.8.1,<6.0a0
  - libzlib >=1.3.1,<2.0a0
  constrains:
  - libxml2 2.15.1
  - icu <0.0a0
  license: MIT
  license_family: MIT
  size: 554734
  timestamp: 1761015772672
- conda: https://conda.anaconda.org/conda-forge/linux-64/libzlib-1.3.1-hb9d3cd8_2.conda
  sha256: d4bfe88d7cb447768e31650f06257995601f89076080e76df55e3112d4e47dc4
  md5: edb0dca6bc32e4f4789199455a1dbeb8
  depends:
  - __glibc >=2.17,<3.0.a0
  - libgcc >=13
  constrains:
  - zlib 1.3.1 *_2
  license: Zlib
  license_family: Other
  size: 60963
  timestamp: 1727963148474
- conda: https://conda.anaconda.org/conda-forge/linux-64/llvm-openmp-21.1.7-h4922eb0_0.conda
  sha256: 6579325669ba27344be66f319c316396f09d9f1a054178df257009591b7d7f43
  md5: ec29f865968a81e1961b3c2f2765eebb
  depends:
  - __glibc >=2.17,<3.0.a0
  constrains:
  - intel-openmp <0.0a0
  - openmp 21.1.7|21.1.7.*
  license: Apache-2.0 WITH LLVM-exception
  size: 6115936
  timestamp: 1764721254857
- conda: https://conda.anaconda.org/conda-forge/linux-64/openssl-3.6.0-h26f9b46_0.conda
  sha256: a47271202f4518a484956968335b2521409c8173e123ab381e775c358c67fe6d
  md5: 9ee58d5c534af06558933af3c845a780
  depends:
  - __glibc >=2.17,<3.0.a0
  - ca-certificates
  - libgcc >=14
  license: Apache-2.0
  license_family: Apache
  size: 3165399
  timestamp: 1762839186699
- conda: https://conda.anaconda.org/conda-forge/linux-64/rust-1.91.1-h53717f1_0.conda
  sha256: fb5d544cac6a15ddbc7c47fddc812407713fd220f64716928f0ccf13c8655de4
  md5: 5a2d92eacdea9d7ffb895c3fd9c761e6
  depends:
  - __glibc >=2.17,<3.0.a0
  - gcc_impl_linux-64
  - libgcc >=14
  - libzlib >=1.3.1,<2.0a0
  - rust-std-x86_64-unknown-linux-gnu 1.91.1 h2c6d0dc_0
  - sysroot_linux-64 >=2.17
  license: MIT
  license_family: MIT
  size: 232940165
  timestamp: 1762816703243
- conda: https://conda.anaconda.org/conda-forge/noarch/rust-src-1.91.1-unix_0.conda
  sha256: ef494bf8bf8ed31367389b5b64930b33ffd7c68aa80458883e6903eb775545b6
  md5: 2e6287a3f027f3e66e4b1ee14becf94d
  depends:
  - __unix
  constrains:
  - rust >=1.91.1,<1.91.2.0a0
  license: MIT
  license_family: MIT
  size: 4128715
  timestamp: 1762815756675
- conda: https://conda.anaconda.org/conda-forge/noarch/rust-std-x86_64-unknown-linux-gnu-1.91.1-h2c6d0dc_0.conda
  sha256: 21925ee23f5a7522a191a67f640a765ff67c4f028db95d6f41634e22449cd4af
  md5: 2a3345e21b15b8659310e01e9c6eda60
  depends:
  - __unix
  constrains:
  - rust >=1.91.1,<1.91.2.0a0
  license: MIT
  license_family: MIT
  size: 38139898
  timestamp: 1762816495933
- conda: https://conda.anaconda.org/conda-forge/noarch/sysroot_linux-64-2.28-h4ee821c_8.conda
  sha256: 0053c17ffbd9f8af1a7f864995d70121c292e317804120be4667f37c92805426
  md5: 1bad93f0aa428d618875ef3a588a889e
  depends:
  - __glibc >=2.28
  - kernel-headers_linux-64 4.18.0 he073ed8_8
  - tzdata
  license: LGPL-2.0-or-later AND LGPL-2.0-or-later WITH exceptions AND GPL-2.0-or-later
  license_family: GPL
  size: 24210909
  timestamp: 1752669140965
- conda: https://conda.anaconda.org/conda-forge/noarch/tzdata-2025b-h78e105d_0.conda
  sha256: 5aaa366385d716557e365f0a4e9c3fca43ba196872abbbe3d56bb610d131e192
  md5: 4222072737ccff51314b5ece9c7d6f5a
  license: LicenseRef-Public-Domain
  size: 122968
  timestamp: 1742727099393
- conda: https://conda.anaconda.org/conda-forge/linux-64/zstd-1.5.7-hb78ec9c_6.conda
  sha256: 68f0206ca6e98fea941e5717cec780ed2873ffabc0e1ed34428c061e2c6268c7
  md5: 4a13eeac0b5c8e5b8ab496e6c4ddd829
  depends:
  - __glibc >=2.17,<3.0.a0
  - libzlib >=1.3.1,<2.0a0
  license: BSD-3-Clause
  size: 601375
  timestamp: 1764777111296
