version: 6
environments:
  default:
    channels:
    - url: https://conda.anaconda.org/conda-forge/
    packages:
      linux-64:
      - conda: https://conda.anaconda.org/conda-forge/linux-64/_libgcc_mutex-0.1-conda_forge.tar.bz2
      - conda: https://conda.anaconda.org/conda-forge/linux-64/_openmp_mutex-4.5-2_gnu.tar.bz2
      - conda: https://conda.anaconda.org/conda-forge/noarch/annotated-types-0.7.0-pyhd8ed1ab_1.conda
      - conda: https://conda.anaconda.org/conda-forge/linux-64/bzip2-1.0.8-hda65f42_8.conda
      - conda: https://conda.anaconda.org/conda-forge/noarch/ca-certificates-2025.11.12-hbd8a1cb_0.conda
      - conda: https://conda.anaconda.org/conda-forge/noarch/click-8.3.1-pyh8f84b5b_1.conda
      - conda: https://conda.anaconda.org/conda-forge/noarch/colorama-0.4.6-pyhd8ed1ab_1.conda
      - conda: https://conda.anaconda.org/conda-forge/noarch/exceptiongroup-1.3.1-pyhd8ed1ab_0.conda
      - conda: https://conda.anaconda.org/conda-forge/linux-64/icu-78.1-h33c6efd_0.conda
      - conda: https://conda.anaconda.org/conda-forge/noarch/iniconfig-2.3.0-pyhd8ed1ab_0.conda
      - conda: https://conda.anaconda.org/conda-forge/linux-64/ld_impl_linux-64-2.45-default_hbd61a6d_105.conda
      - conda: https://conda.anaconda.org/conda-forge/linux-64/libexpat-2.7.3-hecca717_0.conda
      - conda: https://conda.anaconda.org/conda-forge/linux-64/libffi-3.5.2-h9ec8514_0.conda
      - conda: https://conda.anaconda.org/conda-forge/linux-64/libgcc-15.2.0-he0feb66_16.conda
      - conda: https://conda.anaconda.org/conda-forge/linux-64/libgomp-15.2.0-he0feb66_16.conda
      - conda: https://conda.anaconda.org/conda-forge/linux-64/liblzma-5.8.1-hb9d3cd8_2.conda
      - conda: https://conda.anaconda.org/conda-forge/linux-64/libmpdec-4.0.0-hb9d3cd8_0.conda
      - conda: https://conda.anaconda.org/conda-forge/linux-64/libsqlite-3.51.1-hf4e2dac_1.conda
      - conda: https://conda.anaconda.org/conda-forge/linux-64/libstdcxx-15.2.0-h934c35e_16.conda
      - conda: https://conda.anaconda.org/conda-forge/linux-64/libuuid-2.41.3-h5347b49_0.conda
      - conda: https://conda.anaconda.org/conda-forge/linux-64/libzlib-1.3.1-hb9d3cd8_2.conda
      - conda: https://conda.anaconda.org/conda-forge/noarch/markdown-it-py-4.0.0-pyhd8ed1ab_0.conda
      - conda: https://conda.anaconda.org/conda-forge/noarch/mdurl-0.1.2-pyhd8ed1ab_1.conda
      - conda: https://conda.anaconda.org/conda-forge/linux-64/ncurses-6.5-h2d0b736_3.conda
      - conda: https://conda.anaconda.org/conda-forge/linux-64/openssl-3.6.0-h26f9b46_0.conda
      - conda: https://conda.anaconda.org/conda-forge/noarch/packaging-25.0-pyh29332c3_1.conda
      - conda: https://conda.anaconda.org/conda-forge/noarch/pip-25.3-pyh145f28c_0.conda
      - conda: https://conda.anaconda.org/conda-forge/noarch/pluggy-1.6.0-pyhf9edf01_1.conda
      - conda: https://conda.anaconda.org/conda-forge/noarch/pydantic-2.12.5-pyhcf101f3_1.conda
      - conda: https://conda.anaconda.org/conda-forge/linux-64/pydantic-core-2.41.5-py314h2e6c369_1.conda
      - conda: https://conda.anaconda.org/conda-forge/noarch/pygments-2.19.2-pyhd8ed1ab_0.conda
      - conda: https://conda.anaconda.org/conda-forge/noarch/pytest-9.0.2-pyhcf101f3_0.conda
      - conda: https://conda.anaconda.org/conda-forge/linux-64/python-3.14.2-h32b2ec7_100_cp314.conda
      - conda: https://conda.anaconda.org/conda-forge/noarch/python_abi-3.14-8_cp314.conda
      - conda: https://conda.anaconda.org/conda-forge/linux-64/readline-8.3-h853b02a_0.conda
      - conda: https://conda.anaconda.org/conda-forge/noarch/rich-14.2.0-pyhcf101f3_0.conda
      - conda: https://conda.anaconda.org/conda-forge/linux-64/ruff-0.14.10-h4196e79_0.conda
      - conda: https://conda.anaconda.org/conda-forge/noarch/shellingham-1.5.4-pyhd8ed1ab_2.conda
      - conda: https://conda.anaconda.org/conda-forge/linux-64/tk-8.6.13-noxft_ha0e22de_103.conda
      - conda: https://conda.anaconda.org/conda-forge/noarch/tomli-2.3.0-pyhcf101f3_0.conda
      - conda: https://conda.anaconda.org/conda-forge/noarch/typer-0.21.0-pyhbb89825_0.conda
      - conda: https://conda.anaconda.org/conda-forge/noarch/typer-slim-0.21.0-pyhcf101f3_0.conda
      - conda: https://conda.anaconda.org/conda-forge/noarch/typer-slim-standard-0.21.0-hd63da06_0.conda
      - conda: https://conda.anaconda.org/conda-forge/noarch/typing-extensions-4.15.0-h396c80c_0.conda
      - conda: https://conda.anaconda.org/conda-forge/noarch/typing-inspection-0.4.2-pyhd8ed1ab_1.conda
      - conda: https://conda.anaconda.org/conda-forge/noarch/typing_extensions-4.15.0-pyhcf101f3_0.conda
      - conda: https://conda.anaconda.org/conda-forge/noarch/tzdata-2025c-hc9c84f9_1.conda
      - conda: https://conda.anaconda.org/conda-forge/linux-64/zstd-1.5.7-hb78ec9c_6.conda
packages:
- conda: https://conda.anaconda.org/conda-forge/linux-64/_libgcc_mutex-0.1-conda_forge.tar.bz2
  sha256: fe51de6107f9edc7aa4f786a70f4a883943bc9d39b3bb7307c04c41410990726
  md5: d7c89558ba9fa0495403155b64376d81
  license: None
  purls: []
  size: 2562
  timestamp: 1578324546067
- conda: https://conda.anaconda.org/conda-forge/linux-64/_openmp_mutex-4.5-2_gnu.tar.bz2
  build_number: 16
  sha256: fbe2c5e56a653bebb982eda4876a9178aedfc2b545f25d0ce9c4c0b508253d22
  md5: 73aaf86a425cc6e73fcf236a5a46396d
  depends:
  - _libgcc_mutex 0.1 conda_forge
  - libgomp >=7.5.0
  constrains:
  - openmp_impl 9999
  license: BSD-3-Clause
  license_family: BSD
  purls: []
  size: 23621
  timestamp: 1650670423406
- conda: https://conda.anaconda.org/conda-forge/noarch/annotated-types-0.7.0-pyhd8ed1ab_1.conda
  sha256: e0ea1ba78fbb64f17062601edda82097fcf815012cf52bb704150a2668110d48
  md5: 2934f256a8acfe48f6ebb4fce6cde29c
  depends:
  - python >=3.9
  - typing-extensions >=4.0.0
  license: MIT
  license_family: MIT
  purls:
  - pkg:pypi/annotated-types?source=hash-mapping
  size: 18074
  timestamp: 1733247158254
- conda: https://conda.anaconda.org/conda-forge/linux-64/bzip2-1.0.8-hda65f42_8.conda
  sha256: c30daba32ddebbb7ded490f0e371eae90f51e72db620554089103b4a6934b0d5
  md5: 51a19bba1b8ebfb60df25cde030b7ebc
  depends:
  - __glibc >=2.17,<3.0.a0
  - libgcc >=14
  license: bzip2-1.0.6
  license_family: BSD
  purls: []
  size: 260341
  timestamp: 1757437258798
- conda: https://conda.anaconda.org/conda-forge/noarch/ca-certificates-2025.11.12-hbd8a1cb_0.conda
  sha256: b986ba796d42c9d3265602bc038f6f5264095702dd546c14bc684e60c385e773
  md5: f0991f0f84902f6b6009b4d2350a83aa
  depends:
  - __unix
  license: ISC
  purls: []
  size: 152432
  timestamp: 1762967197890
- conda: https://conda.anaconda.org/conda-forge/noarch/click-8.3.1-pyh8f84b5b_1.conda
  sha256: 38cfe1ee75b21a8361c8824f5544c3866f303af1762693a178266d7f198e8715
  md5: ea8a6c3256897cc31263de9f455e25d9
  depends:
  - python >=3.10
  - __unix
  - python
  license: BSD-3-Clause
  license_family: BSD
  purls:
  - pkg:pypi/click?source=hash-mapping
  size: 97676
  timestamp: 1764518652276
- conda: https://conda.anaconda.org/conda-forge/noarch/colorama-0.4.6-pyhd8ed1ab_1.conda
  sha256: ab29d57dc70786c1269633ba3dff20288b81664d3ff8d21af995742e2bb03287
  md5: 962b9857ee8e7018c22f2776ffa0b2d7
  depends:
  - python >=3.9
  license: BSD-3-Clause
  license_family: BSD
  purls:
  - pkg:pypi/colorama?source=hash-mapping
  size: 27011
  timestamp: 1733218222191
- conda: https://conda.anaconda.org/conda-forge/noarch/exceptiongroup-1.3.1-pyhd8ed1ab_0.conda
  sha256: ee6cf346d017d954255bbcbdb424cddea4d14e4ed7e9813e429db1d795d01144
  md5: 8e662bd460bda79b1ea39194e3c4c9ab
  depends:
  - python >=3.10
  - typing_extensions >=4.6.0
  license: MIT and PSF-2.0
  purls:
  - pkg:pypi/exceptiongroup?source=hash-mapping
  size: 21333
  timestamp: 1763918099466
- conda: https://conda.anaconda.org/conda-forge/linux-64/icu-78.1-h33c6efd_0.conda
  sha256: 7d6463d0be5092b2ae8f2fad34dc84de83eab8bd44cc0d4be8931881c973c48f
  md5: 518e9bbbc3e3486d6a4519192ba690f8
  depends:
  - __glibc >=2.17,<3.0.a0
  - libgcc >=14
  - libstdcxx >=14
  license: MIT
  license_family: MIT
  purls: []
  size: 12722920
  timestamp: 1766299101259
- conda: https://conda.anaconda.org/conda-forge/noarch/iniconfig-2.3.0-pyhd8ed1ab_0.conda
  sha256: e1a9e3b1c8fe62dc3932a616c284b5d8cbe3124bbfbedcf4ce5c828cb166ee19
  md5: 9614359868482abba1bd15ce465e3c42
  depends:
  - python >=3.10
  license: MIT
  license_family: MIT
  purls:
  - pkg:pypi/iniconfig?source=compressed-mapping
  size: 13387
  timestamp: 1760831448842
- conda: https://conda.anaconda.org/conda-forge/linux-64/ld_impl_linux-64-2.45-default_hbd61a6d_105.conda
  sha256: 1027bd8aa0d5144e954e426ab6218fd5c14e54a98f571985675468b339c808ca
  md5: 3ec0aa5037d39b06554109a01e6fb0c6
  depends:
  - __glibc >=2.17,<3.0.a0
  - zstd >=1.5.7,<1.6.0a0
  constrains:
  - binutils_impl_linux-64 2.45
  license: GPL-3.0-only
  license_family: GPL
  purls: []
  size: 730831
  timestamp: 1766513089214
- conda: https://conda.anaconda.org/conda-forge/linux-64/libexpat-2.7.3-hecca717_0.conda
  sha256: 1e1b08f6211629cbc2efe7a5bca5953f8f6b3cae0eeb04ca4dacee1bd4e2db2f
  md5: 8b09ae86839581147ef2e5c5e229d164
  depends:
  - __glibc >=2.17,<3.0.a0
  - libgcc >=14
  constrains:
  - expat 2.7.3.*
  license: MIT
  license_family: MIT
  purls: []
  size: 76643
  timestamp: 1763549731408
- conda: https://conda.anaconda.org/conda-forge/linux-64/libffi-3.5.2-h9ec8514_0.conda
  sha256: 25cbdfa65580cfab1b8d15ee90b4c9f1e0d72128f1661449c9a999d341377d54
  md5: 35f29eec58405aaf55e01cb470d8c26a
  depends:
  - __glibc >=2.17,<3.0.a0
  - libgcc >=14
  license: MIT
  license_family: MIT
  purls: []
  size: 57821
  timestamp: 1760295480630
- conda: https://conda.anaconda.org/conda-forge/linux-64/libgcc-15.2.0-he0feb66_16.conda
  sha256: 6eed58051c2e12b804d53ceff5994a350c61baf117ec83f5f10c953a3f311451
  md5: 6d0363467e6ed84f11435eb309f2ff06
  depends:
  - __glibc >=2.17,<3.0.a0
  - _openmp_mutex >=4.5
  constrains:
  - libgcc-ng ==15.2.0=*_16
  - libgomp 15.2.0 he0feb66_16
  license: GPL-3.0-only WITH GCC-exception-3.1
  license_family: GPL
  purls: []
  size: 1042798
  timestamp: 1765256792743
- conda: https://conda.anaconda.org/conda-forge/linux-64/libgomp-15.2.0-he0feb66_16.conda
  sha256: 5b3e5e4e9270ecfcd48f47e3a68f037f5ab0f529ccb223e8e5d5ac75a58fc687
  md5: 26c46f90d0e727e95c6c9498a33a09f3
  depends:
  - __glibc >=2.17,<3.0.a0
  license: GPL-3.0-only WITH GCC-exception-3.1
  license_family: GPL
  purls: []
  size: 603284
  timestamp: 1765256703881
- conda: https://conda.anaconda.org/conda-forge/linux-64/liblzma-5.8.1-hb9d3cd8_2.conda
  sha256: f2591c0069447bbe28d4d696b7fcb0c5bd0b4ac582769b89addbcf26fb3430d8
  md5: 1a580f7796c7bf6393fddb8bbbde58dc
  depends:
  - __glibc >=2.17,<3.0.a0
  - libgcc >=13
  constrains:
  - xz 5.8.1.*
  license: 0BSD
  purls: []
  size: 112894
  timestamp: 1749230047870
- conda: https://conda.anaconda.org/conda-forge/linux-64/libmpdec-4.0.0-hb9d3cd8_0.conda
  sha256: 3aa92d4074d4063f2a162cd8ecb45dccac93e543e565c01a787e16a43501f7ee
  md5: c7e925f37e3b40d893459e625f6a53f1
  depends:
  - __glibc >=2.17,<3.0.a0
  - libgcc >=13
  license: BSD-2-Clause
  license_family: BSD
  purls: []
  size: 91183
  timestamp: 1748393666725
- conda: https://conda.anaconda.org/conda-forge/linux-64/libsqlite-3.51.1-hf4e2dac_1.conda
  sha256: d614540c55f22ad555633f75e174089018ddfc65c49f447f7bbdbc3c3013bec1
  md5: b1f35e70f047918b49fb4b181e40300e
  depends:
  - __glibc >=2.17,<3.0.a0
  - icu >=78.1,<79.0a0
  - libgcc >=14
  - libzlib >=1.3.1,<2.0a0
  license: blessing
  purls: []
  size: 943451
  timestamp: 1766319676469
- conda: https://conda.anaconda.org/conda-forge/linux-64/libstdcxx-15.2.0-h934c35e_16.conda
  sha256: 813427918316a00c904723f1dfc3da1bbc1974c5cfe1ed1e704c6f4e0798cbc6
  md5: 68f68355000ec3f1d6f26ea13e8f525f
  depends:
  - __glibc >=2.17,<3.0.a0
  - libgcc 15.2.0 he0feb66_16
  constrains:
  - libstdcxx-ng ==15.2.0=*_16
  license: GPL-3.0-only WITH GCC-exception-3.1
  license_family: GPL
  purls: []
  size: 5856456
  timestamp: 1765256838573
- conda: https://conda.anaconda.org/conda-forge/linux-64/libuuid-2.41.3-h5347b49_0.conda
  sha256: 1a7539cfa7df00714e8943e18de0b06cceef6778e420a5ee3a2a145773758aee
  md5: db409b7c1720428638e7c0d509d3e1b5
  depends:
  - __glibc >=2.17,<3.0.a0
  - libgcc >=14
  license: BSD-3-Clause
  license_family: BSD
  purls: []
  size: 40311
  timestamp: 1766271528534
- conda: https://conda.anaconda.org/conda-forge/linux-64/libzlib-1.3.1-hb9d3cd8_2.conda
  sha256: d4bfe88d7cb447768e31650f06257995601f89076080e76df55e3112d4e47dc4
  md5: edb0dca6bc32e4f4789199455a1dbeb8
  depends:
  - __glibc >=2.17,<3.0.a0
  - libgcc >=13
  constrains:
  - zlib 1.3.1 *_2
  license: Zlib
  license_family: Other
  purls: []
  size: 60963
  timestamp: 1727963148474
- conda: https://conda.anaconda.org/conda-forge/noarch/markdown-it-py-4.0.0-pyhd8ed1ab_0.conda
  sha256: 7b1da4b5c40385791dbc3cc85ceea9fad5da680a27d5d3cb8bfaa185e304a89e
  md5: 5b5203189eb668f042ac2b0826244964
  depends:
  - mdurl >=0.1,<1
  - python >=3.10
  license: MIT
  license_family: MIT
  purls:
  - pkg:pypi/markdown-it-py?source=hash-mapping
  size: 64736
  timestamp: 1754951288511
- conda: https://conda.anaconda.org/conda-forge/noarch/mdurl-0.1.2-pyhd8ed1ab_1.conda
  sha256: 78c1bbe1723449c52b7a9df1af2ee5f005209f67e40b6e1d3c7619127c43b1c7
  md5: 592132998493b3ff25fd7479396e8351
  depends:
  - python >=3.9
  license: MIT
  license_family: MIT
  purls:
  - pkg:pypi/mdurl?source=hash-mapping
  size: 14465
  timestamp: 1733255681319
- conda: https://conda.anaconda.org/conda-forge/linux-64/ncurses-6.5-h2d0b736_3.conda
  sha256: 3fde293232fa3fca98635e1167de6b7c7fda83caf24b9d6c91ec9eefb4f4d586
  md5: 47e340acb35de30501a76c7c799c41d7
  depends:
  - __glibc >=2.17,<3.0.a0
  - libgcc >=13
  license: X11 AND BSD-3-Clause
  purls: []
  size: 891641
  timestamp: 1738195959188
- conda: https://conda.anaconda.org/conda-forge/linux-64/openssl-3.6.0-h26f9b46_0.conda
  sha256: a47271202f4518a484956968335b2521409c8173e123ab381e775c358c67fe6d
  md5: 9ee58d5c534af06558933af3c845a780
  depends:
  - __glibc >=2.17,<3.0.a0
  - ca-certificates
  - libgcc >=14
  license: Apache-2.0
  license_family: Apache
  purls: []
  size: 3165399
  timestamp: 1762839186699
- conda: https://conda.anaconda.org/conda-forge/noarch/packaging-25.0-pyh29332c3_1.conda
  sha256: 289861ed0c13a15d7bbb408796af4de72c2fe67e2bcb0de98f4c3fce259d7991
  md5: 58335b26c38bf4a20f399384c33cbcf9
  depends:
  - python >=3.8
  - python
  license: Apache-2.0
  license_family: APACHE
  purls:
  - pkg:pypi/packaging?source=hash-mapping
  size: 62477
  timestamp: 1745345660407
- conda: https://conda.anaconda.org/conda-forge/noarch/pip-25.3-pyh145f28c_0.conda
  sha256: 4d5e2faca810459724f11f78d19a0feee27a7be2b3fc5f7abbbec4c9fdcae93d
  md5: bf47878473e5ab9fdb4115735230e191
  depends:
  - python >=3.13.0a0
  license: MIT
  license_family: MIT
  purls:
  - pkg:pypi/pip?source=hash-mapping
  size: 1177084
  timestamp: 1762776338614
- conda: https://conda.anaconda.org/conda-forge/noarch/pluggy-1.6.0-pyhf9edf01_1.conda
  sha256: e14aafa63efa0528ca99ba568eaf506eb55a0371d12e6250aaaa61718d2eb62e
  md5: d7585b6550ad04c8c5e21097ada2888e
  depends:
  - python >=3.9
  - python
  license: MIT
  license_family: MIT
  purls:
  - pkg:pypi/pluggy?source=compressed-mapping
  size: 25877
  timestamp: 1764896838868
- conda: https://conda.anaconda.org/conda-forge/noarch/pydantic-2.12.5-pyhcf101f3_1.conda
  sha256: 868569d9505b7fe246c880c11e2c44924d7613a8cdcc1f6ef85d5375e892f13d
  md5: c3946ed24acdb28db1b5d63321dbca7d
  depends:
  - typing-inspection >=0.4.2
  - typing_extensions >=4.14.1
  - python >=3.10
  - typing-extensions >=4.6.1
  - annotated-types >=0.6.0
  - pydantic-core ==2.41.5
  - python
  license: MIT
  license_family: MIT
  purls:
  - pkg:pypi/pydantic?source=hash-mapping
  size: 340482
  timestamp: 1764434463101
- conda: https://conda.anaconda.org/conda-forge/linux-64/pydantic-core-2.41.5-py314h2e6c369_1.conda
  sha256: 7e0ae379796e28a429f8e48f2fe22a0f232979d65ec455e91f8dac689247d39f
  md5: 432b0716a1dfac69b86aa38fdd59b7e6
  depends:
  - python
  - typing-extensions >=4.6.0,!=4.7.0
  - libgcc >=14
  - __glibc >=2.17,<3.0.a0
  - python_abi 3.14.* *_cp314
  constrains:
  - __glibc >=2.17
  license: MIT
  license_family: MIT
  purls:
  - pkg:pypi/pydantic-core?source=hash-mapping
  size: 1943088
  timestamp: 1762988995556
- conda: https://conda.anaconda.org/conda-forge/noarch/pygments-2.19.2-pyhd8ed1ab_0.conda
  sha256: 5577623b9f6685ece2697c6eb7511b4c9ac5fb607c9babc2646c811b428fd46a
  md5: 6b6ece66ebcae2d5f326c77ef2c5a066
  depends:
  - python >=3.9
  license: BSD-2-Clause
  license_family: BSD
  purls:
  - pkg:pypi/pygments?source=hash-mapping
  size: 889287
  timestamp: 1750615908735
- conda: https://conda.anaconda.org/conda-forge/noarch/pytest-9.0.2-pyhcf101f3_0.conda
  sha256: 9e749fb465a8bedf0184d8b8996992a38de351f7c64e967031944978de03a520
  md5: 2b694bad8a50dc2f712f5368de866480
  depends:
  - pygments >=2.7.2
  - python >=3.10
  - iniconfig >=1.0.1
  - packaging >=22
  - pluggy >=1.5,<2
  - tomli >=1
  - colorama >=0.4
  - exceptiongroup >=1
  - python
  constrains:
  - pytest-faulthandler >=2
  license: MIT
  license_family: MIT
  purls:
  - pkg:pypi/pytest?source=hash-mapping
  size: 299581
  timestamp: 1765062031645
- conda: https://conda.anaconda.org/conda-forge/linux-64/python-3.14.2-h32b2ec7_100_cp314.conda
  build_number: 100
  sha256: a120fb2da4e4d51dd32918c149b04a08815fd2bd52099dad1334647984bb07f1
  md5: 1cef1236a05c3a98f68c33ae9425f656
  depends:
  - __glibc >=2.17,<3.0.a0
  - bzip2 >=1.0.8,<2.0a0
  - ld_impl_linux-64 >=2.36.1
  - libexpat >=2.7.3,<3.0a0
  - libffi >=3.5.2,<3.6.0a0
  - libgcc >=14
  - liblzma >=5.8.1,<6.0a0
  - libmpdec >=4.0.0,<5.0a0
  - libsqlite >=3.51.1,<4.0a0
  - libuuid >=2.41.2,<3.0a0
  - libzlib >=1.3.1,<2.0a0
  - ncurses >=6.5,<7.0a0
  - openssl >=3.5.4,<4.0a0
  - python_abi 3.14.* *_cp314
  - readline >=8.2,<9.0a0
  - tk >=8.6.13,<8.7.0a0
  - tzdata
  - zstd >=1.5.7,<1.6.0a0
  license: Python-2.0
  purls: []
  size: 36790521
  timestamp: 1765021515427
  python_site_packages_path: lib/python3.14/site-packages
- conda: https://conda.anaconda.org/conda-forge/noarch/python_abi-3.14-8_cp314.conda
  build_number: 8
  sha256: ad6d2e9ac39751cc0529dd1566a26751a0bf2542adb0c232533d32e176e21db5
  md5: 0539938c55b6b1a59b560e843ad864a4
  constrains:
  - python 3.14.* *_cp314
  license: BSD-3-Clause
  license_family: BSD
  purls: []
  size: 6989
  timestamp: 1752805904792
- conda: https://conda.anaconda.org/conda-forge/linux-64/readline-8.3-h853b02a_0.conda
  sha256: 12ffde5a6f958e285aa22c191ca01bbd3d6e710aa852e00618fa6ddc59149002
  md5: d7d95fc8287ea7bf33e0e7116d2b95ec
  depends:
  - __glibc >=2.17,<3.0.a0
  - libgcc >=14
  - ncurses >=6.5,<7.0a0
  license: GPL-3.0-only
  license_family: GPL
  purls: []
  size: 345073
  timestamp: 1765813471974
- conda: https://conda.anaconda.org/conda-forge/noarch/rich-14.2.0-pyhcf101f3_0.conda
  sha256: edfb44d0b6468a8dfced728534c755101f06f1a9870a7ad329ec51389f16b086
  md5: a247579d8a59931091b16a1e932bbed6
  depends:
  - markdown-it-py >=2.2.0
  - pygments >=2.13.0,<3.0.0
  - python >=3.10
  - typing_extensions >=4.0.0,<5.0.0
  - python
  license: MIT
  license_family: MIT
  size: 200840
  timestamp: 1760026188268
- conda: https://conda.anaconda.org/conda-forge/linux-64/ruff-0.14.10-h4196e79_0.conda
  noarch: python
  sha256: 997b45ce89554f677e4a30cd1d64565949be9d25c806727c3d844fee0d55d7d2
  md5: ddecdee0806589993d96a950ad51b927
  depends:
  - python
  - libgcc >=14
  - __glibc >=2.17,<3.0.a0
  constrains:
  - __glibc >=2.17
  license: MIT
  license_family: MIT
  purls:
  - pkg:pypi/ruff?source=compressed-mapping
  size: 11472103
  timestamp: 1766094973645
- conda: https://conda.anaconda.org/conda-forge/noarch/shellingham-1.5.4-pyhd8ed1ab_2.conda
  sha256: 1d6534df8e7924d9087bd388fbac5bd868c5bf8971c36885f9f016da0657d22b
  md5: 83ea3a2ddb7a75c1b09cea582aa4f106
  depends:
  - python >=3.10
  license: MIT
  license_family: MIT
  purls:
  - pkg:pypi/shellingham?source=hash-mapping
  size: 15018
  timestamp: 1762858315311
- conda: https://conda.anaconda.org/conda-forge/linux-64/tk-8.6.13-noxft_ha0e22de_103.conda
  sha256: 1544760538a40bcd8ace2b1d8ebe3eb5807ac268641f8acdc18c69c5ebfeaf64
  md5: 86bc20552bf46075e3d92b67f089172d
  depends:
  - __glibc >=2.17,<3.0.a0
  - libgcc >=13
  - libzlib >=1.3.1,<2.0a0
  constrains:
  - xorg-libx11 >=1.8.12,<2.0a0
  license: TCL
  license_family: BSD
  purls: []
  size: 3284905
  timestamp: 1763054914403
- conda: https://conda.anaconda.org/conda-forge/noarch/tomli-2.3.0-pyhcf101f3_0.conda
  sha256: cb77c660b646c00a48ef942a9e1721ee46e90230c7c570cdeb5a893b5cce9bff
  md5: d2732eb636c264dc9aa4cbee404b1a53
  depends:
  - python >=3.10
  - python
  license: MIT
  license_family: MIT
  purls:
  - pkg:pypi/tomli?source=compressed-mapping
  size: 20973
  timestamp: 1760014679845
- conda: https://conda.anaconda.org/conda-forge/noarch/typer-0.21.0-pyhbb89825_0.conda
  sha256: 450fee86790935c6f2bd0f96e8ebdada35ea94c7b6851c300811d7dfda5717d2
  md5: 053a45ad64fe08064eff395e4532673f
  depends:
  - typer-slim-standard ==0.21.0 hd63da06_0
  - python >=3.10
  - python
  license: MIT
  license_family: MIT
  purls:
  - pkg:pypi/typer?source=hash-mapping
  size: 78226
  timestamp: 1766678933770
- conda: https://conda.anaconda.org/conda-forge/noarch/typer-slim-0.21.0-pyhcf101f3_0.conda
  sha256: ad6f22f7eeb59ff83c50631592772a3c2183dd211d34ed68f5145dafb0faae60
  md5: 1bf7599d9f131a06288a2173284b1e4f
  depends:
  - python >=3.10
  - click >=8.0.0
  - typing_extensions >=3.7.4.3
  - python
  constrains:
  - typer 0.21.0.*
  - rich >=10.11.0
  - shellingham >=1.3.0
  license: MIT
  license_family: MIT
  purls:
  - pkg:pypi/typer-slim?source=hash-mapping
  size: 47958
  timestamp: 1766678933764
- conda: https://conda.anaconda.org/conda-forge/noarch/typer-slim-standard-0.21.0-hd63da06_0.conda
  sha256: 031512e8d54fc03a1efc7d725c840401de1eeaa3fef00888d864fbfc31a0e6c1
  md5: b9b9911609c8371886a79e8fdccaff0f
  depends:
  - typer-slim ==0.21.0 pyhcf101f3_0
  - rich
  - shellingham
  license: MIT
  license_family: MIT
  purls: []
  size: 5325
  timestamp: 1766678933769
- conda: https://conda.anaconda.org/conda-forge/noarch/typing-extensions-4.15.0-h396c80c_0.conda
  sha256: 7c2df5721c742c2a47b2c8f960e718c930031663ac1174da67c1ed5999f7938c
  md5: edd329d7d3a4ab45dcf905899a7a6115
  depends:
  - typing_extensions ==4.15.0 pyhcf101f3_0
  license: PSF-2.0
  license_family: PSF
  purls: []
  size: 91383
  timestamp: 1756220668932
- conda: https://conda.anaconda.org/conda-forge/noarch/typing-inspection-0.4.2-pyhd8ed1ab_1.conda
  sha256: 70db27de58a97aeb7ba7448366c9853f91b21137492e0b4430251a1870aa8ff4
  md5: a0a4a3035667fc34f29bfbd5c190baa6
  depends:
  - python >=3.10
  - typing_extensions >=4.12.0
  license: MIT
  license_family: MIT
  purls:
  - pkg:pypi/typing-inspection?source=compressed-mapping
  size: 18923
  timestamp: 1764158430324
- conda: https://conda.anaconda.org/conda-forge/noarch/typing_extensions-4.15.0-pyhcf101f3_0.conda
  sha256: 032271135bca55aeb156cee361c81350c6f3fb203f57d024d7e5a1fc9ef18731
  md5: 0caa1af407ecff61170c9437a808404d
  depends:
  - python >=3.10
  - python
  license: PSF-2.0
  license_family: PSF
  purls:
  - pkg:pypi/typing-extensions?source=hash-mapping
  size: 51692
  timestamp: 1756220668932
- conda: https://conda.anaconda.org/conda-forge/noarch/tzdata-2025c-hc9c84f9_1.conda
  sha256: 1d30098909076af33a35017eed6f2953af1c769e273a0626a04722ac4acaba3c
  md5: ad659d0a2b3e47e38d829aa8cad2d610
  license: LicenseRef-Public-Domain
  purls: []
  size: 119135
  timestamp: 1767016325805
- conda: https://conda.anaconda.org/conda-forge/linux-64/zstd-1.5.7-hb78ec9c_6.conda
  sha256: 68f0206ca6e98fea941e5717cec780ed2873ffabc0e1ed34428c061e2c6268c7
  md5: 4a13eeac0b5c8e5b8ab496e6c4ddd829
  depends:
  - __glibc >=2.17,<3.0.a0
  - libzlib >=1.3.1,<2.0a0
  license: BSD-3-Clause
  license_family: BSD
  purls: []
  size: 601375
  timestamp: 1764777111296
